
Microsoft Visual Studio Solution File, Format Version 12.00
# Visual Studio 15
VisualStudioVersion = 15.0.26730.16
MinimumVisualStudioVersion = 10.0.40219.1
Project("{FAE04EC0-301F-11D3-BF4B-00C04F79EFBC}") = "WindowsFormsArduinoUploader", "WindowsFormsArduinoUploader\WindowsFormsArduinoUploader.csproj", "{4031585F-2EC5-4E77-B957-79C34062AFF9}"
EndProject
Global
	GlobalSection(SolutionConfigurationPlatforms) = preSolution
		Debug|Any CPU = Debug|Any CPU
		Release|Any CPU = Release|Any CPU
	EndGlobalSection
	GlobalSection(ProjectConfigurationPlatforms) = postSolution
		{4031585F-2EC5-4E77-B957-79C34062AFF9}.Debug|Any CPU.ActiveCfg = Debug|Any CPU
		{4031585F-2EC5-4E77-B957-79C34062AFF9}.Debug|Any CPU.Build.0 = Debug|Any CPU
		{4031585F-2EC5-4E77-B957-79C34062AFF9}.Release|Any CPU.ActiveCfg = Release|Any CPU
		{4031585F-2EC5-4E77-B957-79C34062AFF9}.Release|Any CPU.Build.0 = Release|Any CPU
	EndGlobalSection
	GlobalSection(SolutionProperties) = preSolution
		HideSolutionNode = FALSE
	EndGlobalSection
	GlobalSection(ExtensibilityGlobals) = postSolution
		SolutionGuid = {7276F4B6-AF15-422A-91F4-22A06A4FC09C}
	EndGlobalSection
EndGlobal
